// !$*UTF8*$!
{
	archiveVersion = 1;
	classes = {
	};
	objectVersion = 46;
	objects = {
		657ED80783340B580E561B5B = {
			isa = PBXBuildFile;
			fileRef = 0FBFFC71F877E0DEF7B3129C;
		};
		1D77EDDCA0C0F3B9A82ABF99 = {
			isa = PBXBuildFile;
			fileRef = A6A24B07D1A6F38DE1E891CD;
		};
		B3CADB3AFC5B9F4F277F0A8C = {
			isa = PBXBuildFile;
			fileRef = D799A0953A7F6DFCEEABA7DA;
		};
		45703E30368F77B61D92D4E9 = {
			isa = PBXBuildFile;
			fileRef = E9F9B9EBC6947B503C8D8061;
		};
		98C6501325B914521CC795DC = {
			isa = PBXBuildFile;
			fileRef = FD13040026B0042597C850C9;
		};
		A6FD18003726330D2387742B = {
			isa = PBXBuildFile;
			fileRef = AA86071FE58257637FD3FF2D;
		};
		536E0AA6A353A2E2F0A608AF = {
			isa = PBXBuildFile;
			fileRef = 7034CA03CB07FDB2BBE93875;
		};
		908F0E61511A539C0E6AC765 = {
			isa = PBXBuildFile;
			fileRef = 2ED975ABDFC48A9EB585F9DD;
		};
		F17ABEDF8B857E430BD55190 = {
			isa = PBXBuildFile;
			fileRef = A9D1B6B71B1AF0A9FDC47877;
		};
		F2D82502A88361E7C63674F2 = {
			isa = PBXBuildFile;
			fileRef = C856FAF045720DD781E77036;
		};
		DE1331BCD90503E17969FB4B = {
			isa = PBXBuildFile;
			fileRef = 9A7290EDFF520F309BE8AB77;
		};
		4D4C961BDAC18C3742EF4CA2 = {
			isa = PBXBuildFile;
			fileRef = FDD644576E372EB39D291D4C;
		};
		E2D5C9699CFAD3F7D9754823 = {
			isa = PBXBuildFile;
			fileRef = 0BBA06AD12E667B267748BBB;
		};
		0BBA06AD12E667B267748BBB = {
			isa = PBXFileReference;
			lastKnownFileType = sourcecode.cpp.cpp;
			name = "include_juce_osc.cpp";
			path = "../../JuceLibraryCode/include_juce_osc.cpp";
			sourceTree = "SOURCE_ROOT";
		};
		0FBFFC71F877E0DEF7B3129C = {
			isa = PBXFileReference;
			explicitFileType = "compiled.mach-o.executable";
			includeInIndex = 0;
			path = "IAP_JUCE_6";
			sourceTree = "BUILT_PRODUCTS_DIR";
		};
		15D04418101A0147F702D070 = {
			isa = PBXFileReference;
			lastKnownFileType = sourcecode.c.h;
			name = AserveComs.h;
			path = ../../Source/AserveComs.h;
			sourceTree = "SOURCE_ROOT";
		};
		19BE8BEFA17ACAB540ADEE70 = {
			isa = PBXFileReference;
			lastKnownFileType = sourcecode.c.h;
			name = AserveTests.hpp;
			path = ../../Source/AserveTests.hpp;
			sourceTree = "SOURCE_ROOT";
		};
		2369B07A3756D5C33E967CE1 = {
			isa = PBXFileReference;
			lastKnownFileType = file;
			name = "juce_osc";
			path = "../../JuceLibraryCode/modules/juce_osc";
			sourceTree = "SOURCE_ROOT";
		};
		2ED975ABDFC48A9EB585F9DD = {
			isa = PBXFileReference;
			lastKnownFileType = sourcecode.cpp.cpp;
			name = IAP.cpp;
			path = ../../Source/IAP.cpp;
			sourceTree = "SOURCE_ROOT";
		};
		362B8FC3DE31486D5CDC3FF8 = {
			isa = PBXFileReference;
			lastKnownFileType = sourcecode.c.h;
			name = Aserve.h;
			path = ../../Source/Aserve.h;
			sourceTree = "SOURCE_ROOT";
		};
		477622AB3CC725AC1FB7D626 = {
			isa = PBXFileReference;
			lastKnownFileType = file;
			name = "juce_data_structures";
			path = "../../JuceLibraryCode/modules/juce_data_structures";
			sourceTree = "SOURCE_ROOT";
		};
		7034CA03CB07FDB2BBE93875 = {
			isa = PBXFileReference;
			lastKnownFileType = sourcecode.cpp.cpp;
			name = AserveTests.cpp;
			path = ../../Source/AserveTests.cpp;
			sourceTree = "SOURCE_ROOT";
		};
		9A7290EDFF520F309BE8AB77 = {
			isa = PBXFileReference;
			lastKnownFileType = sourcecode.cpp.objcpp;
			name = "include_juce_data_structures.mm";
			path = "../../JuceLibraryCode/include_juce_data_structures.mm";
			sourceTree = "SOURCE_ROOT";
		};
		A6A24B07D1A6F38DE1E891CD = {
			isa = PBXFileReference;
			lastKnownFileType = wrapper.framework;
			name = Cocoa.framework;
			path = System/Library/Frameworks/Cocoa.framework;
			sourceTree = SDKROOT;
		};
		A9D1B6B71B1AF0A9FDC47877 = {
			isa = PBXFileReference;
			lastKnownFileType = sourcecode.cpp.cpp;
			name = Main.cpp;
			path = ../../Source/Main.cpp;
			sourceTree = "SOURCE_ROOT";
		};
		AA86071FE58257637FD3FF2D = {
			isa = PBXFileReference;
			lastKnownFileType = sourcecode.cpp.cpp;
			name = AserveComs.cpp;
			path = ../../Source/AserveComs.cpp;
			sourceTree = "SOURCE_ROOT";
		};
		C67702E97F09D6D0075431ED = {
			isa = PBXFileReference;
			lastKnownFileType = sourcecode.c.h;
			name = IAP.h;
			path = ../../Source/IAP.h;
			sourceTree = "SOURCE_ROOT";
		};
		C69A57357DA5C30F613A7021 = {
			isa = PBXFileReference;
			lastKnownFileType = file;
			name = "juce_events";
			path = "../../JuceLibraryCode/modules/juce_events";
			sourceTree = "SOURCE_ROOT";
		};
		C856FAF045720DD781E77036 = {
			isa = PBXFileReference;
			lastKnownFileType = sourcecode.cpp.objcpp;
			name = "include_juce_core.mm";
			path = "../../JuceLibraryCode/include_juce_core.mm";
			sourceTree = "SOURCE_ROOT";
		};
		D799A0953A7F6DFCEEABA7DA = {
			isa = PBXFileReference;
			lastKnownFileType = wrapper.framework;
			name = Foundation.framework;
			path = System/Library/Frameworks/Foundation.framework;
			sourceTree = SDKROOT;
		};
		DF02E9ABE02544FECB275DF7 = {
			isa = PBXFileReference;
			lastKnownFileType = sourcecode.c.h;
			name = JuceHeader.h;
			path = ../../JuceLibraryCode/JuceHeader.h;
			sourceTree = "SOURCE_ROOT";
		};
		E9F9B9EBC6947B503C8D8061 = {
			isa = PBXFileReference;
			lastKnownFileType = wrapper.framework;
			name = IOKit.framework;
			path = System/Library/Frameworks/IOKit.framework;
			sourceTree = SDKROOT;
		};
		FA4298DB3D050311E12383CB = {
			isa = PBXFileReference;
			lastKnownFileType = file;
			name = "juce_core";
			path = "../../JuceLibraryCode/modules/juce_core";
			sourceTree = "SOURCE_ROOT";
		};
		FD13040026B0042597C850C9 = {
			isa = PBXFileReference;
			lastKnownFileType = file.nib;
			name = RecentFilesMenuTemplate.nib;
			path = RecentFilesMenuTemplate.nib;
			sourceTree = "SOURCE_ROOT";
		};
		FDD644576E372EB39D291D4C = {
			isa = PBXFileReference;
			lastKnownFileType = sourcecode.cpp.objcpp;
			name = "include_juce_events.mm";
			path = "../../JuceLibraryCode/include_juce_events.mm";
			sourceTree = "SOURCE_ROOT";
		};
		334DF9586819A16C7CC4C111 = {
			isa = PBXGroup;
			children = (
				362B8FC3DE31486D5CDC3FF8,
				AA86071FE58257637FD3FF2D,
				15D04418101A0147F702D070,
				7034CA03CB07FDB2BBE93875,
				19BE8BEFA17ACAB540ADEE70,
				2ED975ABDFC48A9EB585F9DD,
				C67702E97F09D6D0075431ED,
				A9D1B6B71B1AF0A9FDC47877,
			);
			name = Source;
			sourceTree = "<group>";
		};
		3A287E351AABF3151F2DDACB = {
			isa = PBXGroup;
			children = (
				334DF9586819A16C7CC4C111,
			);
			name = "IAP_JUCE_6";
			sourceTree = "<group>";
		};
		219E7D0E91BCABBAC4EC90D9 = {
			isa = PBXGroup;
			children = (
				FA4298DB3D050311E12383CB,
				477622AB3CC725AC1FB7D626,
				C69A57357DA5C30F613A7021,
				2369B07A3756D5C33E967CE1,
			);
			name = "JUCE Modules";
			sourceTree = "<group>";
		};
		860A3E73B905D41E3213A921 = {
			isa = PBXGroup;
			children = (
				C856FAF045720DD781E77036,
				9A7290EDFF520F309BE8AB77,
				FDD644576E372EB39D291D4C,
				0BBA06AD12E667B267748BBB,
				DF02E9ABE02544FECB275DF7,
			);
			name = "JUCE Library Code";
			sourceTree = "<group>";
		};
		1CA4A08A23D58FDF83B31FAE = {
			isa = PBXGroup;
			children = (
				FD13040026B0042597C850C9,
			);
			name = Resources;
			sourceTree = "<group>";
		};
		BE2AD73856F3279A6668586A = {
			isa = PBXGroup;
			children = (
				A6A24B07D1A6F38DE1E891CD,
				D799A0953A7F6DFCEEABA7DA,
				E9F9B9EBC6947B503C8D8061,
			);
			name = Frameworks;
			sourceTree = "<group>";
		};
		9EF7C9F094ECADDE31BF8D39 = {
			isa = PBXGroup;
			children = (
				0FBFFC71F877E0DEF7B3129C,
			);
			name = Products;
			sourceTree = "<group>";
		};
		14079158A2C8CB871F066A21 = {
			isa = PBXGroup;
			children = (
				3A287E351AABF3151F2DDACB,
				219E7D0E91BCABBAC4EC90D9,
				860A3E73B905D41E3213A921,
				1CA4A08A23D58FDF83B31FAE,
				BE2AD73856F3279A6668586A,
				9EF7C9F094ECADDE31BF8D39,
			);
			name = Source;
			sourceTree = "<group>";
		};
		03EA5DCC3BD776AA65BD29EC = {
			isa = XCBuildConfiguration;
			buildSettings = {
				CLANG_CXX_LANGUAGE_STANDARD = "c++14";
				CLANG_CXX_LIBRARY = "libc++";
				CLANG_LINK_OBJC_RUNTIME = NO;
				CODE_SIGN_IDENTITY = "";
				COMBINE_HIDPI_IMAGES = YES;
				CONFIGURATION_BUILD_DIR = "$(PROJECT_DIR)/build/$(CONFIGURATION)";
				COPY_PHASE_STRIP = NO;
				GCC_DYNAMIC_NO_PIC = NO;
				GCC_OPTIMIZATION_LEVEL = 0;
				GCC_PREPROCESSOR_DEFINITIONS = (
					"_DEBUG=1",
					"DEBUG=1",
					"JUCE_DISPLAY_SPLASH_SCREEN=1",
					"JUCE_USE_DARK_SPLASH_SCREEN=1",
					"JUCE_PROJUCER_VERSION=0x60007",
					"JUCE_MODULE_AVAILABLE_juce_core=1",
					"JUCE_MODULE_AVAILABLE_juce_data_structures=1",
					"JUCE_MODULE_AVAILABLE_juce_events=1",
					"JUCE_MODULE_AVAILABLE_juce_osc=1",
					"JUCE_GLOBAL_MODULE_SETTINGS_INCLUDED=1",
					"JUCE_STRICT_REFCOUNTEDPOINTER=1",
					"JUCE_STANDALONE_APPLICATION=1",
					"JUCER_XCODE_MAC_F6D2F4CF=1",
					"JUCE_APP_VERSION=1.0.0",
					"JUCE_APP_VERSION_HEX=0x10000",
					"JucePlugin_Build_VST=0",
					"JucePlugin_Build_VST3=0",
					"JucePlugin_Build_AU=0",
					"JucePlugin_Build_AUv3=0",
					"JucePlugin_Build_RTAS=0",
					"JucePlugin_Build_AAX=0",
					"JucePlugin_Build_Standalone=0",
					"JucePlugin_Build_Unity=0",
				);
				GCC_VERSION = com.apple.compilers.llvm.clang.1_0;
				HEADER_SEARCH_PATHS = (
					"$(SRCROOT)/../../JuceLibraryCode",
					"$(SRCROOT)/../../JuceLibraryCode/modules",
					"$(inherited)",
				);
				INSTALL_PATH = "/usr/bin";
				MACOSX_DEPLOYMENT_TARGET = 10.11;
				MTL_HEADER_SEARCH_PATHS = (
					"$(SRCROOT)/../../JuceLibraryCode",
					"$(SRCROOT)/../../JuceLibraryCode/modules",
				);
				PRODUCT_BUNDLE_IDENTIFIER = com.yourcompany.IAP_JUCE_6;
				PRODUCT_NAME = "IAP_JUCE_6";
				USE_HEADERMAP = NO;
				VALID_ARCHS = "i386 x86_64 arm64 arm64e";
			};
			name = Debug;
		};
		07A404539D83738569C66175 = {
			isa = XCBuildConfiguration;
			buildSettings = {
				CLANG_CXX_LANGUAGE_STANDARD = "c++14";
				CLANG_CXX_LIBRARY = "libc++";
				CLANG_LINK_OBJC_RUNTIME = NO;
				CODE_SIGN_IDENTITY = "";
				COMBINE_HIDPI_IMAGES = YES;
				CONFIGURATION_BUILD_DIR = "$(PROJECT_DIR)/build/$(CONFIGURATION)";
				DEAD_CODE_STRIPPING = YES;
				GCC_GENERATE_DEBUGGING_SYMBOLS = NO;
				GCC_OPTIMIZATION_LEVEL = 3;
				GCC_PREPROCESSOR_DEFINITIONS = (
					"_NDEBUG=1",
					"NDEBUG=1",
					"JUCE_DISPLAY_SPLASH_SCREEN=1",
					"JUCE_USE_DARK_SPLASH_SCREEN=1",
					"JUCE_PROJUCER_VERSION=0x60007",
					"JUCE_MODULE_AVAILABLE_juce_core=1",
					"JUCE_MODULE_AVAILABLE_juce_data_structures=1",
					"JUCE_MODULE_AVAILABLE_juce_events=1",
					"JUCE_MODULE_AVAILABLE_juce_osc=1",
					"JUCE_GLOBAL_MODULE_SETTINGS_INCLUDED=1",
					"JUCE_STRICT_REFCOUNTEDPOINTER=1",
					"JUCE_STANDALONE_APPLICATION=1",
					"JUCER_XCODE_MAC_F6D2F4CF=1",
					"JUCE_APP_VERSION=1.0.0",
					"JUCE_APP_VERSION_HEX=0x10000",
					"JucePlugin_Build_VST=0",
					"JucePlugin_Build_VST3=0",
					"JucePlugin_Build_AU=0",
					"JucePlugin_Build_AUv3=0",
					"JucePlugin_Build_RTAS=0",
					"JucePlugin_Build_AAX=0",
					"JucePlugin_Build_Standalone=0",
					"JucePlugin_Build_Unity=0",
				);
				GCC_VERSION = com.apple.compilers.llvm.clang.1_0;
				HEADER_SEARCH_PATHS = (
					"$(SRCROOT)/../../JuceLibraryCode",
					"$(SRCROOT)/../../JuceLibraryCode/modules",
					"$(inherited)",
				);
				INSTALL_PATH = "/usr/bin";
				LLVM_LTO = YES;
				MACOSX_DEPLOYMENT_TARGET = 10.11;
				MTL_HEADER_SEARCH_PATHS = (
					"$(SRCROOT)/../../JuceLibraryCode",
					"$(SRCROOT)/../../JuceLibraryCode/modules",
				);
				PRODUCT_BUNDLE_IDENTIFIER = com.yourcompany.IAP_JUCE_6;
				PRODUCT_NAME = "IAP_JUCE_6";
				USE_HEADERMAP = NO;
				VALID_ARCHS = "i386 x86_64 arm64 arm64e";
			};
			name = Release;
		};
		13882750B8AFEA3AF918887C = {
			isa = XCBuildConfiguration;
			buildSettings = {
				ALWAYS_SEARCH_USER_PATHS = NO;
				CLANG_ENABLE_OBJC_WEAK = YES;
				CLANG_WARN_BLOCK_CAPTURE_AUTORELEASING = YES;
				CLANG_WARN_BOOL_CONVERSION = YES;
				CLANG_WARN_COMMA = YES;
				CLANG_WARN_CONSTANT_CONVERSION = YES;
				CLANG_WARN_DEPRECATED_OBJC_IMPLEMENTATIONS = YES;
				CLANG_WARN_EMPTY_BODY = YES;
				CLANG_WARN_ENUM_CONVERSION = YES;
				CLANG_WARN_INFINITE_RECURSION = YES;
				CLANG_WARN_INT_CONVERSION = YES;
				CLANG_WARN_NON_LITERAL_NULL_CONVERSION = YES;
				CLANG_WARN_OBJC_IMPLICIT_RETAIN_SELF = YES;
				CLANG_WARN_OBJC_LITERAL_CONVERSION = YES;
				CLANG_WARN_RANGE_LOOP_ANALYSIS = YES;
				CLANG_WARN_STRICT_PROTOTYPES = YES;
				CLANG_WARN_SUSPICIOUS_MOVE = YES;
				CLANG_WARN_UNREACHABLE_CODE = YES;
				CLANG_WARN__DUPLICATE_METHOD_MATCH = YES;
				CODE_SIGN_IDENTITY = "";
				DEBUG_INFORMATION_FORMAT = dwarf;
				ENABLE_STRICT_OBJC_MSGSEND = YES;
				ENABLE_TESTABILITY = NO;
				GCC_C_LANGUAGE_STANDARD = c11;
				GCC_INLINES_ARE_PRIVATE_EXTERN = YES;
				GCC_MODEL_TUNING = G5;
				GCC_NO_COMMON_BLOCKS = YES;
				GCC_SYMBOLS_PRIVATE_EXTERN = YES;
				GCC_WARN_64_TO_32_BIT_CONVERSION = YES;
				GCC_WARN_ABOUT_RETURN_TYPE = YES;
				GCC_WARN_CHECK_SWITCH_STATEMENTS = YES;
				GCC_WARN_MISSING_PARENTHESES = YES;
				GCC_WARN_NON_VIRTUAL_DESTRUCTOR = YES;
				GCC_WARN_TYPECHECK_CALLS_TO_PRINTF = YES;
				GCC_WARN_UNDECLARED_SELECTOR = YES;
				GCC_WARN_UNINITIALIZED_AUTOS = YES;
				GCC_WARN_UNUSED_FUNCTION = YES;
				GCC_WARN_UNUSED_VARIABLE = YES;
				ONLY_ACTIVE_ARCH = YES;
				PRODUCT_NAME = "IAP_JUCE_6";
				SDKROOT = macosx;
				WARNING_CFLAGS = "-Wreorder";
				ZERO_LINK = NO;
			};
			name = Debug;
		};
		CAF0E20EDE397CC3435224E0 = {
			isa = XCBuildConfiguration;
			buildSettings = {
				ALWAYS_SEARCH_USER_PATHS = NO;
				CLANG_ENABLE_OBJC_WEAK = YES;
				CLANG_WARN_BLOCK_CAPTURE_AUTORELEASING = YES;
				CLANG_WARN_BOOL_CONVERSION = YES;
				CLANG_WARN_COMMA = YES;
				CLANG_WARN_CONSTANT_CONVERSION = YES;
				CLANG_WARN_DEPRECATED_OBJC_IMPLEMENTATIONS = YES;
				CLANG_WARN_EMPTY_BODY = YES;
				CLANG_WARN_ENUM_CONVERSION = YES;
				CLANG_WARN_INFINITE_RECURSION = YES;
				CLANG_WARN_INT_CONVERSION = YES;
				CLANG_WARN_NON_LITERAL_NULL_CONVERSION = YES;
				CLANG_WARN_OBJC_IMPLICIT_RETAIN_SELF = YES;
				CLANG_WARN_OBJC_LITERAL_CONVERSION = YES;
				CLANG_WARN_RANGE_LOOP_ANALYSIS = YES;
				CLANG_WARN_STRICT_PROTOTYPES = YES;
				CLANG_WARN_SUSPICIOUS_MOVE = YES;
				CLANG_WARN_UNREACHABLE_CODE = YES;
				CLANG_WARN__DUPLICATE_METHOD_MATCH = YES;
				CODE_SIGN_IDENTITY = "";
				DEBUG_INFORMATION_FORMAT = dwarf;
				ENABLE_STRICT_OBJC_MSGSEND = YES;
				ENABLE_TESTABILITY = NO;
				GCC_C_LANGUAGE_STANDARD = c11;
				GCC_INLINES_ARE_PRIVATE_EXTERN = YES;
				GCC_MODEL_TUNING = G5;
				GCC_NO_COMMON_BLOCKS = YES;
				GCC_SYMBOLS_PRIVATE_EXTERN = YES;
				GCC_WARN_64_TO_32_BIT_CONVERSION = YES;
				GCC_WARN_ABOUT_RETURN_TYPE = YES;
				GCC_WARN_CHECK_SWITCH_STATEMENTS = YES;
				GCC_WARN_MISSING_PARENTHESES = YES;
				GCC_WARN_NON_VIRTUAL_DESTRUCTOR = YES;
				GCC_WARN_TYPECHECK_CALLS_TO_PRINTF = YES;
				GCC_WARN_UNDECLARED_SELECTOR = YES;
				GCC_WARN_UNINITIALIZED_AUTOS = YES;
				GCC_WARN_UNUSED_FUNCTION = YES;
				GCC_WARN_UNUSED_VARIABLE = YES;
				PRODUCT_NAME = "IAP_JUCE_6";
				SDKROOT = macosx;
				WARNING_CFLAGS = "-Wreorder";
				ZERO_LINK = NO;
			};
			name = Release;
		};
		D4AE78C519A64750F1D3B2CD = {
			isa = XCConfigurationList;
			buildConfigurations = (
				13882750B8AFEA3AF918887C,
				CAF0E20EDE397CC3435224E0,
			);
			defaultConfigurationIsVisible = 0;
			defaultConfigurationName = Debug;
		};
		3B45368594EB66480C7C2922 = {
			isa = XCConfigurationList;
			buildConfigurations = (
				03EA5DCC3BD776AA65BD29EC,
				07A404539D83738569C66175,
			);
			defaultConfigurationIsVisible = 0;
			defaultConfigurationName = Debug;
		};
		B099892E97925770C0314FC6 = {
			isa = PBXResourcesBuildPhase;
			buildActionMask = 2147483647;
			files = (
				98C6501325B914521CC795DC,
			);
			runOnlyForDeploymentPostprocessing = 0;
		};
		4C329D4130817216519290B7 = {
			isa = PBXSourcesBuildPhase;
			buildActionMask = 2147483647;
			files = (
				A6FD18003726330D2387742B,
				536E0AA6A353A2E2F0A608AF,
				908F0E61511A539C0E6AC765,
				F17ABEDF8B857E430BD55190,
				F2D82502A88361E7C63674F2,
				DE1331BCD90503E17969FB4B,
				4D4C961BDAC18C3742EF4CA2,
				E2D5C9699CFAD3F7D9754823,
			);
			runOnlyForDeploymentPostprocessing = 0;
		};
		8DB25F1DA5F661E16772BECD = {
			isa = PBXFrameworksBuildPhase;
			buildActionMask = 2147483647;
			files = (
				1D77EDDCA0C0F3B9A82ABF99,
				B3CADB3AFC5B9F4F277F0A8C,
				45703E30368F77B61D92D4E9,
			);
			runOnlyForDeploymentPostprocessing = 0;
		};
		79433FF24E47009BEC6EF43E = {
			isa = PBXNativeTarget;
			buildConfigurationList = 3B45368594EB66480C7C2922;
			buildPhases = (
				B099892E97925770C0314FC6,
				4C329D4130817216519290B7,
				8DB25F1DA5F661E16772BECD,
			);
			buildRules = ( );
			dependencies = ( );
			name = "IAP_JUCE_6 - ConsoleApp";
			productName = "IAP_JUCE_6";
			productReference = 0FBFFC71F877E0DEF7B3129C;
			productType = "com.apple.product-type.tool";
		};
		2F935A448955C2C0582DF939 = {
			isa = PBXProject;
			buildConfigurationList = D4AE78C519A64750F1D3B2CD;
			attributes = { LastUpgradeCheck = 1230; ORGANIZATIONNAME = ""; };
			compatibilityVersion = "Xcode 3.2";
			hasScannedForEncodings = 0;
			mainGroup = 14079158A2C8CB871F066A21;
			projectDirPath = "";
			projectRoot = "";
			targets = (79433FF24E47009BEC6EF43E);
			knownRegions = (en, Base);
		};
	};
	rootObject = 2F935A448955C2C0582DF939;
}
